{
  "nodes": {
    "clan-core-for-checks": {
      "flake": false,
      "locked": {
        "lastModified": 1760361585,
        "narHash": "sha256-v4PnSmt1hXW4dSgVWxcd1ZeEBlhO7NksNRC5cX7L5iw=",
        "ref": "main",
        "rev": "7e7e58eb64ef61beb0a938a6622ec0122382131b",
        "shallow": true,
        "type": "git",
        "url": "https://git.clan.lol/clan/clan-core"
      },
      "original": {
        "ref": "main",
        "shallow": true,
        "type": "git",
        "url": "https://git.clan.lol/clan/clan-core"
      }
    },
    "flake-parts": {
      "inputs": {
        "nixpkgs-lib": [
          "test-fixtures",
          "nixpkgs"
        ]
      },
      "locked": {
        "lastModified": 1741352980,
        "narHash": "sha256-+u2UunDA4Cl5Fci3m7S643HzKmIDAe+fiXrLqYsR2fs=",
        "owner": "hercules-ci",
        "repo": "flake-parts",
        "rev": "f4330d22f1c5d2ba72d3d22df5597d123fdb60a9",
        "type": "github"
      },
      "original": {
        "owner": "hercules-ci",
        "repo": "flake-parts",
        "type": "github"
      }
    },
    "flake-utils": {
      "inputs": {
        "systems": [
          "systems"
        ]
      },
      "locked": {
        "lastModified": 1731533236,
        "narHash": "sha256-l0KFg5HjrsfsO/JpG+r7fRrqm12kzFHyUHqHCVpMMbI=",
        "owner": "numtide",
        "repo": "flake-utils",
        "rev": "11707dc2f618dd54ca8739b309ec4fc024de578b",
        "type": "github"
      },
      "original": {
        "owner": "numtide",
        "repo": "flake-utils",
        "type": "github"
      }
    },
    "flake-utils_2": {
      "inputs": {
        "systems": "systems"
      },
      "locked": {
        "lastModified": 1731533236,
        "narHash": "sha256-l0KFg5HjrsfsO/JpG+r7fRrqm12kzFHyUHqHCVpMMbI=",
        "owner": "numtide",
        "repo": "flake-utils",
        "rev": "11707dc2f618dd54ca8739b309ec4fc024de578b",
        "type": "github"
      },
      "original": {
        "owner": "numtide",
        "repo": "flake-utils",
        "type": "github"
      }
    },
    "ixx": {
      "inputs": {
        "flake-utils": [
          "nuschtos",
          "flake-utils"
        ],
        "nixpkgs": [
          "nuschtos",
          "nixpkgs"
        ]
      },
      "locked": {
        "lastModified": 1754860581,
        "narHash": "sha256-EM0IE63OHxXCOpDHXaTyHIOk2cNvMCGPqLt/IdtVxgk=",
        "owner": "NuschtOS",
        "repo": "ixx",
        "rev": "babfe85a876162c4acc9ab6fb4483df88fa1f281",
        "type": "github"
      },
      "original": {
        "owner": "NuschtOS",
        "ref": "v0.1.1",
        "repo": "ixx",
        "type": "github"
      }
    },
    "nixpkgs-dev": {
      "locked": {
        "lastModified": 1760878510,
        "narHash": "sha256-K5Osef2qexezUfs0alLvZ7nQFTGS9DL2oTVsIXsqLgs=",
        "owner": "NixOS",
        "repo": "nixpkgs",
        "rev": "5e2a59a5b1a82f89f2c7e598302a9cacebb72a67",
        "type": "github"
      },
      "original": {
        "owner": "NixOS",
        "ref": "nixos-unstable-small",
        "repo": "nixpkgs",
        "type": "github"
      }
    },
    "nuschtos": {
      "inputs": {
        "flake-utils": "flake-utils_2",
        "ixx": "ixx",
        "nixpkgs": [
          "nixpkgs-dev"
        ]
      },
      "locked": {
        "lastModified": 1760652422,
        "narHash": "sha256-C88Pgz38QIl9JxQceexqL2G7sw9vodHWx1Uaq+NRJrw=",
        "owner": "NuschtOS",
        "repo": "search",
        "rev": "3ebeebe8b6a49dfb11f771f761e0310f7c48d726",
        "type": "github"
      },
      "original": {
        "owner": "NuschtOS",
        "repo": "search",
        "type": "github"
      }
    },
    "root": {
      "inputs": {
        "clan-core-for-checks": "clan-core-for-checks",
        "flake-utils": "flake-utils",
        "nixpkgs-dev": "nixpkgs-dev",
        "nuschtos": "nuschtos",
        "systems": "systems_2",
        "test-fixtures": "test-fixtures",
        "treefmt-nix": "treefmt-nix"
      }
    },
    "systems": {
      "locked": {
        "lastModified": 1681028828,
        "narHash": "sha256-Vy1rq5AaRuLzOxct8nz4T6wlgyUR7zLU309k9mBC768=",
        "owner": "nix-systems",
        "repo": "default",
        "rev": "da67096a3b9bf56a91d16901293e51ba5b49a27e",
        "type": "github"
      },
      "original": {
        "owner": "nix-systems",
        "repo": "default",
        "type": "github"
      }
    },
    "systems_2": {
      "locked": {
        "lastModified": 1681028828,
        "narHash": "sha256-Vy1rq5AaRuLzOxct8nz4T6wlgyUR7zLU309k9mBC768=",
        "owner": "nix-systems",
        "repo": "default",
        "rev": "da67096a3b9bf56a91d16901293e51ba5b49a27e",
        "type": "github"
      },
      "original": {
        "owner": "nix-systems",
        "repo": "default",
        "type": "github"
      }
    },
    "test-fixtures": {
      "inputs": {
        "flake-parts": "flake-parts",
        "nixpkgs": [
          "nixpkgs-dev"
        ]
      },
      "locked": {
        "lastModified": 1742806412,
        "narHash": "sha256-ZoAN0/sHEHY+ymJnkdkBAuZ/6sc66RYR4xMHpLf7++E=",
        "ref": "refs/heads/main",
        "rev": "4a2bc56d886578124b05060d3fb7eddc38c019f8",
        "revCount": 2,
        "type": "git",
        "url": "https://git.clan.lol/clan/test-fixtures"
      },
      "original": {
        "type": "git",
        "url": "https://git.clan.lol/clan/test-fixtures"
      }
    },
    "treefmt-nix": {
      "inputs": {
        "nixpkgs": []
      },
      "locked": {
        "lastModified": 1760802554,
        "narHash": "sha256-5YkOYOCF8/XNw89/ABKFB0c/P78U2EVuKRDGTql6+kA=",
        "owner": "numtide",
        "repo": "treefmt-nix",
        "rev": "296ebf0c3668ebceb3b0bfee55298f112b4b5754",
        "type": "github"
      },
      "original": {
        "owner": "numtide",
        "repo": "treefmt-nix",
        "type": "github"
      }
    }
  },
  "root": "root",
  "version": 7
}
