{
  "nodes": {
    "nixpkgs": {
      "locked": {
        "lastModified": 1712004559,
        "narHash": "sha256-87vZKDepF3ZqpinX5zarC5Xb9dwpGgmfcl4Woy26lYA=",
        "owner": "NixOS",
        "repo": "nixpkgs",
        "rev": "5476cea4892cedbf6f8bbebdb93ba07e3f5f5e38",
        "type": "github"
      },
      "original": {
        "owner": "NixOS",
        "ref": "nixos-unstable-small",
        "repo": "nixpkgs",
        "type": "github"
      }
    },
    "root": {
      "inputs": {
        "nixpkgs": "nixpkgs"
      }
    }
  },
  "root": "root",
  "version": 7
}
