{
    "name": "@clan/colors",
    "version": "1.0.0",
    "lockfileVersion": 2,
    "requires": true,
    "packages": {
        "": {
            "name": "@clan/colors",
            "version": "1.0.0",
            "license": "ISC",
            "devDependencies": {
                "@material/material-color-utilities": "^0.2.6",
                "@types/node": "^20.3.2",
                "typescript": "^5.1.5"
            }
        },
        "node_modules/@material/material-color-utilities": {
            "version": "0.2.7",
            "resolved": "https://registry.npmjs.org/@material/material-color-utilities/-/material-color-utilities-0.2.7.tgz",
            "integrity": "sha512-0FCeqG6WvK4/Cc06F/xXMd/pv4FeisI0c1tUpBbfhA2n9Y8eZEv4Karjbmf2ZqQCPUWMrGp8A571tCjizxoTiQ==",
            "dev": true
        },
        "node_modules/@types/node": {
            "version": "20.8.2",
            "resolved": "https://registry.npmjs.org/@types/node/-/node-20.8.2.tgz",
            "integrity": "sha512-Vvycsc9FQdwhxE3y3DzeIxuEJbWGDsnrxvMADzTDF/lcdR9/K+AQIeAghTQsHtotg/q0j3WEOYS/jQgSdWue3w==",
            "dev": true
        },
        "node_modules/typescript": {
            "version": "5.2.2",
            "resolved": "https://registry.npmjs.org/typescript/-/typescript-5.2.2.tgz",
            "integrity": "sha512-mI4WrpHsbCIcwT9cF4FZvr80QUeKvsUsUvKDoR+X/7XHQH98xYD8YHZg7ANtz2GtZt/CBq2QJ0thkGJMHfqc1w==",
            "dev": true,
            "bin": {
                "tsc": "bin/tsc",
                "tsserver": "bin/tsserver"
            },
            "engines": {
                "node": ">=14.17"
            }
        }
    },
    "dependencies": {
        "@material/material-color-utilities": {
            "version": "0.2.7",
            "resolved": "https://registry.npmjs.org/@material/material-color-utilities/-/material-color-utilities-0.2.7.tgz",
            "integrity": "sha512-0FCeqG6WvK4/Cc06F/xXMd/pv4FeisI0c1tUpBbfhA2n9Y8eZEv4Karjbmf2ZqQCPUWMrGp8A571tCjizxoTiQ==",
            "dev": true
        },
        "@types/node": {
            "version": "20.8.2",
            "resolved": "https://registry.npmjs.org/@types/node/-/node-20.8.2.tgz",
            "integrity": "sha512-Vvycsc9FQdwhxE3y3DzeIxuEJbWGDsnrxvMADzTDF/lcdR9/K+AQIeAghTQsHtotg/q0j3WEOYS/jQgSdWue3w==",
            "dev": true
        },
        "typescript": {
            "version": "5.2.2",
            "resolved": "https://registry.npmjs.org/typescript/-/typescript-5.2.2.tgz",
            "integrity": "sha512-mI4WrpHsbCIcwT9cF4FZvr80QUeKvsUsUvKDoR+X/7XHQH98xYD8YHZg7ANtz2GtZt/CBq2QJ0thkGJMHfqc1w==",
            "dev": true
        }
    }
}
